
Microsoft Visual Studio Solution File, Format Version 9.00
# Visual Studio 2005
Project("{8BC9CEB8-8B4A-11D0-8D11-00A0C91BC942}") = "tri86", "tri86.vcproj", "{C842CCDC-96EC-4C11-9CB5-0D7460D7B78E}"
EndProject
Global
	GlobalSection(SolutionConfigurationPlatforms) = preSolution
		Build|MSP430 = Build|MSP430
	EndGlobalSection
	GlobalSection(ProjectConfigurationPlatforms) = postSolution
		{C842CCDC-96EC-4C11-9CB5-0D7460D7B78E}.Build|MSP430.ActiveCfg = Build|Win32
		{C842CCDC-96EC-4C11-9CB5-0D7460D7B78E}.Build|MSP430.Build.0 = Build|Win32
	EndGlobalSection
	GlobalSection(SolutionProperties) = preSolution
		HideSolutionNode = FALSE
	EndGlobalSection
EndGlobal
